{
  "name": "nodework",
  "lockfileVersion": 2,
  "requires": true,
  "packages": {
    "": {
      "dependencies": {
        "yyy": "^1.0.1"
      }
    },
    "node_modules/yyy": {
      "version": "1.0.1",
      "resolved": "https://registry.npmjs.org/yyy/-/yyy-1.0.1.tgz",
      "integrity": "sha512-URmwK55RIMaxMrUSB99tn+U5aIjPwJsTqrSFVOd1pcEfNEcJrl4S83apGE710lWcluEhvLq3nOxGUGSSiuO/Fw=="
    }
  },
  "dependencies": {
    "yyy": {
      "version": "1.0.1",
      "resolved": "https://registry.npmjs.org/yyy/-/yyy-1.0.1.tgz",
      "integrity": "sha512-URmwK55RIMaxMrUSB99tn+U5aIjPwJsTqrSFVOd1pcEfNEcJrl4S83apGE710lWcluEhvLq3nOxGUGSSiuO/Fw=="
    }
  }
}
